{
  "name": "ctxora",
  "version": "6.5.4",
  "lockfileVersion": 3,
  "requires": true,
  "packages": {
    "": {
      "name": "ctxora",
      "version": "6.5.4",
      "license": "MIT",
      "bin": {
        "ctxora": "bin/ctxora.mjs"
      },
      "engines": {
        "node": ">=18"
      }
    }
  }
}
